
Microsoft Visual Studio Solution File, Format Version 12.00
# Visual Studio Version 17
VisualStudioVersion = 17.9.34622.214
MinimumVisualStudioVersion = 10.0.40219.1
Project("{9A19103F-16F7-4668-BE54-9A1E7A4F7556}") = "Producer", "Producer\Producer.csproj", "{9708DF00-53C9-4826-987C-627362E94E57}"
EndProject
Project("{E53339B2-1760-4266-BCC7-CA923CBCF16C}") = "docker-compose", "docker-compose.dcproj", "{12B66E4D-6967-4C41-9C62-1B371ABDAC84}"
EndProject
Project("{9A19103F-16F7-4668-BE54-9A1E7A4F7556}") = "Subscriber", "Subscriber\Subscriber.csproj", "{74047184-DAB1-444C-8A22-8BA319AC014C}"
EndProject
Project("{9A19103F-16F7-4668-BE54-9A1E7A4F7556}") = "Common", "Common\Common.csproj", "{3B34957C-C167-4C0D-AB5E-D6067350740D}"
EndProject
Project("{9A19103F-16F7-4668-BE54-9A1E7A4F7556}") = "Repositories", "Repositories\Repositories.csproj", "{707046A0-D9B4-4CD9-8B94-745DF44B54CB}"
EndProject
Project("{9A19103F-16F7-4668-BE54-9A1E7A4F7556}") = "TestProject", "TestProject\TestProject.csproj", "{BE5C3A19-9253-4873-A47C-68A9A45F80EC}"
EndProject
Project("{2150E333-8FDC-42A3-9474-1A3956D46DE8}") = "Pub", "Pub", "{FCB366D5-6C4F-468D-9302-6E5501563C20}"
EndProject
Project("{2150E333-8FDC-42A3-9474-1A3956D46DE8}") = "Sub", "Sub", "{29AFC323-0EF8-4920-8558-66492DB22900}"
EndProject
Project("{FAE04EC0-301F-11D3-BF4B-00C04F79EFBC}") = "PubRepositories", "PubRepositories\PubRepositories.csproj", "{B8B1E8A2-35D4-48F6-A576-A2B487077277}"
EndProject
Project("{FAE04EC0-301F-11D3-BF4B-00C04F79EFBC}") = "PubCommon", "PubCommon\PubCommon.csproj", "{48985020-31E0-4869-88FC-AADDD8889FE5}"
EndProject
Global
	GlobalSection(SolutionConfigurationPlatforms) = preSolution
		Debug|Any CPU = Debug|Any CPU
		Release|Any CPU = Release|Any CPU
	EndGlobalSection
	GlobalSection(ProjectConfigurationPlatforms) = postSolution
		{9708DF00-53C9-4826-987C-627362E94E57}.Debug|Any CPU.ActiveCfg = Debug|Any CPU
		{9708DF00-53C9-4826-987C-627362E94E57}.Debug|Any CPU.Build.0 = Debug|Any CPU
		{9708DF00-53C9-4826-987C-627362E94E57}.Release|Any CPU.ActiveCfg = Release|Any CPU
		{9708DF00-53C9-4826-987C-627362E94E57}.Release|Any CPU.Build.0 = Release|Any CPU
		{12B66E4D-6967-4C41-9C62-1B371ABDAC84}.Debug|Any CPU.ActiveCfg = Debug|Any CPU
		{12B66E4D-6967-4C41-9C62-1B371ABDAC84}.Debug|Any CPU.Build.0 = Debug|Any CPU
		{12B66E4D-6967-4C41-9C62-1B371ABDAC84}.Release|Any CPU.ActiveCfg = Release|Any CPU
		{12B66E4D-6967-4C41-9C62-1B371ABDAC84}.Release|Any CPU.Build.0 = Release|Any CPU
		{74047184-DAB1-444C-8A22-8BA319AC014C}.Debug|Any CPU.ActiveCfg = Debug|Any CPU
		{74047184-DAB1-444C-8A22-8BA319AC014C}.Debug|Any CPU.Build.0 = Debug|Any CPU
		{74047184-DAB1-444C-8A22-8BA319AC014C}.Release|Any CPU.ActiveCfg = Release|Any CPU
		{74047184-DAB1-444C-8A22-8BA319AC014C}.Release|Any CPU.Build.0 = Release|Any CPU
		{3B34957C-C167-4C0D-AB5E-D6067350740D}.Debug|Any CPU.ActiveCfg = Debug|Any CPU
		{3B34957C-C167-4C0D-AB5E-D6067350740D}.Debug|Any CPU.Build.0 = Debug|Any CPU
		{3B34957C-C167-4C0D-AB5E-D6067350740D}.Release|Any CPU.ActiveCfg = Release|Any CPU
		{3B34957C-C167-4C0D-AB5E-D6067350740D}.Release|Any CPU.Build.0 = Release|Any CPU
		{707046A0-D9B4-4CD9-8B94-745DF44B54CB}.Debug|Any CPU.ActiveCfg = Debug|Any CPU
		{707046A0-D9B4-4CD9-8B94-745DF44B54CB}.Debug|Any CPU.Build.0 = Debug|Any CPU
		{707046A0-D9B4-4CD9-8B94-745DF44B54CB}.Release|Any CPU.ActiveCfg = Release|Any CPU
		{707046A0-D9B4-4CD9-8B94-745DF44B54CB}.Release|Any CPU.Build.0 = Release|Any CPU
		{BE5C3A19-9253-4873-A47C-68A9A45F80EC}.Debug|Any CPU.ActiveCfg = Debug|Any CPU
		{BE5C3A19-9253-4873-A47C-68A9A45F80EC}.Debug|Any CPU.Build.0 = Debug|Any CPU
		{BE5C3A19-9253-4873-A47C-68A9A45F80EC}.Release|Any CPU.ActiveCfg = Release|Any CPU
		{BE5C3A19-9253-4873-A47C-68A9A45F80EC}.Release|Any CPU.Build.0 = Release|Any CPU
		{B8B1E8A2-35D4-48F6-A576-A2B487077277}.Debug|Any CPU.ActiveCfg = Debug|Any CPU
		{B8B1E8A2-35D4-48F6-A576-A2B487077277}.Debug|Any CPU.Build.0 = Debug|Any CPU
		{B8B1E8A2-35D4-48F6-A576-A2B487077277}.Release|Any CPU.ActiveCfg = Release|Any CPU
		{B8B1E8A2-35D4-48F6-A576-A2B487077277}.Release|Any CPU.Build.0 = Release|Any CPU
		{48985020-31E0-4869-88FC-AADDD8889FE5}.Debug|Any CPU.ActiveCfg = Debug|Any CPU
		{48985020-31E0-4869-88FC-AADDD8889FE5}.Debug|Any CPU.Build.0 = Debug|Any CPU
		{48985020-31E0-4869-88FC-AADDD8889FE5}.Release|Any CPU.ActiveCfg = Release|Any CPU
		{48985020-31E0-4869-88FC-AADDD8889FE5}.Release|Any CPU.Build.0 = Release|Any CPU
	EndGlobalSection
	GlobalSection(SolutionProperties) = preSolution
		HideSolutionNode = FALSE
	EndGlobalSection
	GlobalSection(NestedProjects) = preSolution
		{9708DF00-53C9-4826-987C-627362E94E57} = {FCB366D5-6C4F-468D-9302-6E5501563C20}
		{74047184-DAB1-444C-8A22-8BA319AC014C} = {29AFC323-0EF8-4920-8558-66492DB22900}
		{3B34957C-C167-4C0D-AB5E-D6067350740D} = {29AFC323-0EF8-4920-8558-66492DB22900}
		{707046A0-D9B4-4CD9-8B94-745DF44B54CB} = {29AFC323-0EF8-4920-8558-66492DB22900}
		{B8B1E8A2-35D4-48F6-A576-A2B487077277} = {FCB366D5-6C4F-468D-9302-6E5501563C20}
		{48985020-31E0-4869-88FC-AADDD8889FE5} = {FCB366D5-6C4F-468D-9302-6E5501563C20}
	EndGlobalSection
	GlobalSection(ExtensibilityGlobals) = postSolution
		SolutionGuid = {5A34E699-EF27-4769-B211-E9C4BF08E8B4}
	EndGlobalSection
EndGlobal
